{
  "name": "Projet",
  "lockfileVersion": 3,
  "requires": true,
  "packages": {
    "": {
      "dependencies": {
        "angular": "file:../../../../../cli"
      }
    },
    "../../../../../cli": {},
    "node_modules/angular": {
      "resolved": "../../../../../cli",
      "link": true
    }
  }
}
